
Microsoft Visual Studio Solution File, Format Version 12.00
# Visual Studio Version 17
VisualStudioVersion = 17.3.32901.215
MinimumVisualStudioVersion = 10.0.40219.1
Project("{FAE04EC0-301F-11D3-BF4B-00C04F79EFBC}") = "Labs_inclass", "Labs_inclass.csproj", "{DC8E799F-549F-47D9-ABF9-154B4CEDD256}"
EndProject
Project("{FAE04EC0-301F-11D3-BF4B-00C04F79EFBC}") = "test", "..\test\test.csproj", "{85E83A45-F19F-4872-BA8A-3BE0C600BBC1}"
EndProject
Project("{FAE04EC0-301F-11D3-BF4B-00C04F79EFBC}") = "lab4", "..\lab4\lab4.csproj", "{A7526412-EE35-4A55-BA26-C5D50EA31088}"
EndProject
Project("{FAE04EC0-301F-11D3-BF4B-00C04F79EFBC}") = "lab5", "..\lab5\lab5.csproj", "{81E35899-79DB-4539-99C1-FEA2F83CD2A7}"
EndProject
Project("{FAE04EC0-301F-11D3-BF4B-00C04F79EFBC}") = "wk4_excercise", "..\wk4_excercise\wk4_excercise.csproj", "{F9CB6300-A587-49F2-BBCB-FAF848A28A5C}"
EndProject
Project("{FAE04EC0-301F-11D3-BF4B-00C04F79EFBC}") = "lab6", "..\lab6\lab6.csproj", "{D3C3CEF4-E470-4040-9B92-8952419C0522}"
EndProject
Project("{FAE04EC0-301F-11D3-BF4B-00C04F79EFBC}") = "lab7", "..\lab7\lab7.csproj", "{C100714B-E1B2-47BC-AE51-3F30E5737D9A}"
EndProject
Project("{FAE04EC0-301F-11D3-BF4B-00C04F79EFBC}") = "assignment1_wenpingwang", "..\assignment1_wenpingwang\assignment1_wenpingwang.csproj", "{2F05CEA2-5224-4FE7-8DA3-E3856CAE466A}"
EndProject
Project("{FAE04EC0-301F-11D3-BF4B-00C04F79EFBC}") = "wk5_exer_operatorOverload", "..\wk5_exer\wk5_exer_operatorOverload.csproj", "{08975031-6377-47EA-8F89-655F0C6C12CA}"
EndProject
Project("{FAE04EC0-301F-11D3-BF4B-00C04F79EFBC}") = "lab8_complex", "..\lab8_complex\lab8_complex.csproj", "{104F5D6F-1EAC-406C-A7CB-23D779E04C66}"
EndProject
Project("{FAE04EC0-301F-11D3-BF4B-00C04F79EFBC}") = "quiz2", "..\quiz2\quiz2.csproj", "{BFD9E270-5EB5-4183-8938-0B6EE49BB370}"
EndProject
Project("{FAE04EC0-301F-11D3-BF4B-00C04F79EFBC}") = "wk6", "..\wk6\wk6.csproj", "{A59B9725-3AE5-4292-9E74-5C11B36EFA57}"
EndProject
Project("{FAE04EC0-301F-11D3-BF4B-00C04F79EFBC}") = "lab9", "..\lab9\lab9.csproj", "{4E249167-7D76-4B95-BDA7-99AED289F060}"
EndProject
Global
	GlobalSection(SolutionConfigurationPlatforms) = preSolution
		Debug|Any CPU = Debug|Any CPU
		Release|Any CPU = Release|Any CPU
	EndGlobalSection
	GlobalSection(ProjectConfigurationPlatforms) = postSolution
		{DC8E799F-549F-47D9-ABF9-154B4CEDD256}.Debug|Any CPU.ActiveCfg = Debug|Any CPU
		{DC8E799F-549F-47D9-ABF9-154B4CEDD256}.Debug|Any CPU.Build.0 = Debug|Any CPU
		{DC8E799F-549F-47D9-ABF9-154B4CEDD256}.Release|Any CPU.ActiveCfg = Release|Any CPU
		{DC8E799F-549F-47D9-ABF9-154B4CEDD256}.Release|Any CPU.Build.0 = Release|Any CPU
		{85E83A45-F19F-4872-BA8A-3BE0C600BBC1}.Debug|Any CPU.ActiveCfg = Debug|Any CPU
		{85E83A45-F19F-4872-BA8A-3BE0C600BBC1}.Debug|Any CPU.Build.0 = Debug|Any CPU
		{85E83A45-F19F-4872-BA8A-3BE0C600BBC1}.Release|Any CPU.ActiveCfg = Release|Any CPU
		{85E83A45-F19F-4872-BA8A-3BE0C600BBC1}.Release|Any CPU.Build.0 = Release|Any CPU
		{A7526412-EE35-4A55-BA26-C5D50EA31088}.Debug|Any CPU.ActiveCfg = Debug|Any CPU
		{A7526412-EE35-4A55-BA26-C5D50EA31088}.Debug|Any CPU.Build.0 = Debug|Any CPU
		{A7526412-EE35-4A55-BA26-C5D50EA31088}.Release|Any CPU.ActiveCfg = Release|Any CPU
		{A7526412-EE35-4A55-BA26-C5D50EA31088}.Release|Any CPU.Build.0 = Release|Any CPU
		{81E35899-79DB-4539-99C1-FEA2F83CD2A7}.Debug|Any CPU.ActiveCfg = Debug|Any CPU
		{81E35899-79DB-4539-99C1-FEA2F83CD2A7}.Debug|Any CPU.Build.0 = Debug|Any CPU
		{81E35899-79DB-4539-99C1-FEA2F83CD2A7}.Release|Any CPU.ActiveCfg = Release|Any CPU
		{81E35899-79DB-4539-99C1-FEA2F83CD2A7}.Release|Any CPU.Build.0 = Release|Any CPU
		{F9CB6300-A587-49F2-BBCB-FAF848A28A5C}.Debug|Any CPU.ActiveCfg = Debug|Any CPU
		{F9CB6300-A587-49F2-BBCB-FAF848A28A5C}.Debug|Any CPU.Build.0 = Debug|Any CPU
		{F9CB6300-A587-49F2-BBCB-FAF848A28A5C}.Release|Any CPU.ActiveCfg = Release|Any CPU
		{F9CB6300-A587-49F2-BBCB-FAF848A28A5C}.Release|Any CPU.Build.0 = Release|Any CPU
		{D3C3CEF4-E470-4040-9B92-8952419C0522}.Debug|Any CPU.ActiveCfg = Debug|Any CPU
		{D3C3CEF4-E470-4040-9B92-8952419C0522}.Debug|Any CPU.Build.0 = Debug|Any CPU
		{D3C3CEF4-E470-4040-9B92-8952419C0522}.Release|Any CPU.ActiveCfg = Release|Any CPU
		{D3C3CEF4-E470-4040-9B92-8952419C0522}.Release|Any CPU.Build.0 = Release|Any CPU
		{C100714B-E1B2-47BC-AE51-3F30E5737D9A}.Debug|Any CPU.ActiveCfg = Debug|Any CPU
		{C100714B-E1B2-47BC-AE51-3F30E5737D9A}.Debug|Any CPU.Build.0 = Debug|Any CPU
		{C100714B-E1B2-47BC-AE51-3F30E5737D9A}.Release|Any CPU.ActiveCfg = Release|Any CPU
		{C100714B-E1B2-47BC-AE51-3F30E5737D9A}.Release|Any CPU.Build.0 = Release|Any CPU
		{2F05CEA2-5224-4FE7-8DA3-E3856CAE466A}.Debug|Any CPU.ActiveCfg = Debug|Any CPU
		{2F05CEA2-5224-4FE7-8DA3-E3856CAE466A}.Debug|Any CPU.Build.0 = Debug|Any CPU
		{2F05CEA2-5224-4FE7-8DA3-E3856CAE466A}.Release|Any CPU.ActiveCfg = Release|Any CPU
		{2F05CEA2-5224-4FE7-8DA3-E3856CAE466A}.Release|Any CPU.Build.0 = Release|Any CPU
		{08975031-6377-47EA-8F89-655F0C6C12CA}.Debug|Any CPU.ActiveCfg = Debug|Any CPU
		{08975031-6377-47EA-8F89-655F0C6C12CA}.Debug|Any CPU.Build.0 = Debug|Any CPU
		{08975031-6377-47EA-8F89-655F0C6C12CA}.Release|Any CPU.ActiveCfg = Release|Any CPU
		{08975031-6377-47EA-8F89-655F0C6C12CA}.Release|Any CPU.Build.0 = Release|Any CPU
		{104F5D6F-1EAC-406C-A7CB-23D779E04C66}.Debug|Any CPU.ActiveCfg = Debug|Any CPU
		{104F5D6F-1EAC-406C-A7CB-23D779E04C66}.Debug|Any CPU.Build.0 = Debug|Any CPU
		{104F5D6F-1EAC-406C-A7CB-23D779E04C66}.Release|Any CPU.ActiveCfg = Release|Any CPU
		{104F5D6F-1EAC-406C-A7CB-23D779E04C66}.Release|Any CPU.Build.0 = Release|Any CPU
		{BFD9E270-5EB5-4183-8938-0B6EE49BB370}.Debug|Any CPU.ActiveCfg = Debug|Any CPU
		{BFD9E270-5EB5-4183-8938-0B6EE49BB370}.Debug|Any CPU.Build.0 = Debug|Any CPU
		{BFD9E270-5EB5-4183-8938-0B6EE49BB370}.Release|Any CPU.ActiveCfg = Release|Any CPU
		{BFD9E270-5EB5-4183-8938-0B6EE49BB370}.Release|Any CPU.Build.0 = Release|Any CPU
		{A59B9725-3AE5-4292-9E74-5C11B36EFA57}.Debug|Any CPU.ActiveCfg = Debug|Any CPU
		{A59B9725-3AE5-4292-9E74-5C11B36EFA57}.Debug|Any CPU.Build.0 = Debug|Any CPU
		{A59B9725-3AE5-4292-9E74-5C11B36EFA57}.Release|Any CPU.ActiveCfg = Release|Any CPU
		{A59B9725-3AE5-4292-9E74-5C11B36EFA57}.Release|Any CPU.Build.0 = Release|Any CPU
		{4E249167-7D76-4B95-BDA7-99AED289F060}.Debug|Any CPU.ActiveCfg = Debug|Any CPU
		{4E249167-7D76-4B95-BDA7-99AED289F060}.Debug|Any CPU.Build.0 = Debug|Any CPU
		{4E249167-7D76-4B95-BDA7-99AED289F060}.Release|Any CPU.ActiveCfg = Release|Any CPU
		{4E249167-7D76-4B95-BDA7-99AED289F060}.Release|Any CPU.Build.0 = Release|Any CPU
	EndGlobalSection
	GlobalSection(SolutionProperties) = preSolution
		HideSolutionNode = FALSE
	EndGlobalSection
	GlobalSection(ExtensibilityGlobals) = postSolution
		SolutionGuid = {5DBC99A8-2751-4AA9-885A-4376A794763A}
	EndGlobalSection
EndGlobal
